// !$*UTF8*$!
{
	archiveVersion = 1;
	classes = {
	};
	objectVersion = 46;
	objects = {

/* Begin PBXBuildFile section */
		3E3797641965ACE900D0A198 /* RITCustomScrollViewController.m in Sources */ = {isa = PBXBuildFile; fileRef = 3E37972D1965964400D0A198 /* RITCustomScrollViewController.m */; };
		3E73CFB019643D6800A8F93C /* Foundation.framework in Frameworks */ = {isa = PBXBuildFile; fileRef = 3E73CFAF19643D6800A8F93C /* Foundation.framework */; };
		3E73CFB219643D6800A8F93C /* CoreGraphics.framework in Frameworks */ = {isa = PBXBuildFile; fileRef = 3E73CFB119643D6800A8F93C /* CoreGraphics.framework */; };
		3E73CFB419643D6800A8F93C /* UIKit.framework in Frameworks */ = {isa = PBXBuildFile; fileRef = 3E73CFB319643D6800A8F93C /* UIKit.framework */; };
		3E73CFBA19643D6800A8F93C /* InfoPlist.strings in Resources */ = {isa = PBXBuildFile; fileRef = 3E73CFB819643D6800A8F93C /* InfoPlist.strings */; };
		3E73CFBC19643D6800A8F93C /* main.m in Sources */ = {isa = PBXBuildFile; fileRef = 3E73CFBB19643D6800A8F93C /* main.m */; };
		3E73CFC319643D6800A8F93C /* Main.storyboard in Resources */ = {isa = PBXBuildFile; fileRef = 3E73CFC119643D6800A8F93C /* Main.storyboard */; };
		3E73CFC819643D6800A8F93C /* Images.xcassets in Resources */ = {isa = PBXBuildFile; fileRef = 3E73CFC719643D6800A8F93C /* Images.xcassets */; };
		3EA5775F196443CC007B967C /* RITAppDelegate.m in Sources */ = {isa = PBXBuildFile; fileRef = 3EA5775E196443CC007B967C /* RITAppDelegate.m */; };
		3EA5776319644410007B967C /* RITViewController.m in Sources */ = {isa = PBXBuildFile; fileRef = 3EA5776219644410007B967C /* RITViewController.m */; };
		3EA5776C1964446E007B967C /* photo1.png in Resources */ = {isa = PBXBuildFile; fileRef = 3EA577661964446E007B967C /* photo1.png */; };
		3EA5776D1964446E007B967C /* photo2.png in Resources */ = {isa = PBXBuildFile; fileRef = 3EA577671964446E007B967C /* photo2.png */; };
		3EA5776E1964446E007B967C /* photo3.png in Resources */ = {isa = PBXBuildFile; fileRef = 3EA577681964446E007B967C /* photo3.png */; };
		3EA5776F1964446E007B967C /* photo4.png in Resources */ = {isa = PBXBuildFile; fileRef = 3EA577691964446E007B967C /* photo4.png */; };
		3EA577701964446E007B967C /* photo5.png in Resources */ = {isa = PBXBuildFile; fileRef = 3EA5776A1964446E007B967C /* photo5.png */; };
		3EA577711964446E007B967C /* slow.png in Resources */ = {isa = PBXBuildFile; fileRef = 3EA5776B1964446E007B967C /* slow.png */; };
		3EF0AB651966A6E9002E39DE /* RITPeekPagedScrollViewController.m in Sources */ = {isa = PBXBuildFile; fileRef = 3EF0AB641966A6E9002E39DE /* RITPeekPagedScrollViewController.m */; };
		A2A173EB1965CCF000DFD3E9 /* RITPagedScrollViewController.m in Sources */ = {isa = PBXBuildFile; fileRef = A2A173EA1965CCF000DFD3E9 /* RITPagedScrollViewController.m */; };
/* End PBXBuildFile section */

/* Begin PBXFileReference section */
		3E37972C1965964400D0A198 /* RITCustomScrollViewController.h */ = {isa = PBXFileReference; fileEncoding = 4; lastKnownFileType = sourcecode.c.h; name = RITCustomScrollViewController.h; path = UpSliderMenu/Classes/Controllers/RITCustomScrollViewController.h; sourceTree = "<group>"; };
		3E37972D1965964400D0A198 /* RITCustomScrollViewController.m */ = {isa = PBXFileReference; fileEncoding = 4; lastKnownFileType = sourcecode.c.objc; name = RITCustomScrollViewController.m; path = UpSliderMenu/Classes/Controllers/RITCustomScrollViewController.m; sourceTree = "<group>"; };
		3E73CFAC19643D6800A8F93C /* UpSliderMenu.app */ = {isa = PBXFileReference; explicitFileType = wrapper.application; includeInIndex = 0; path = UpSliderMenu.app; sourceTree = BUILT_PRODUCTS_DIR; };
		3E73CFAF19643D6800A8F93C /* Foundation.framework */ = {isa = PBXFileReference; lastKnownFileType = wrapper.framework; name = Foundation.framework; path = System/Library/Frameworks/Foundation.framework; sourceTree = SDKROOT; };
		3E73CFB119643D6800A8F93C /* CoreGraphics.framework */ = {isa = PBXFileReference; lastKnownFileType = wrapper.framework; name = CoreGraphics.framework; path = System/Library/Frameworks/CoreGraphics.framework; sourceTree = SDKROOT; };
		3E73CFB319643D6800A8F93C /* UIKit.framework */ = {isa = PBXFileReference; lastKnownFileType = wrapper.framework; name = UIKit.framework; path = System/Library/Frameworks/UIKit.framework; sourceTree = SDKROOT; };
		3E73CFB719643D6800A8F93C /* UpSliderMenu-Info.plist */ = {isa = PBXFileReference; lastKnownFileType = text.plist.xml; path = "UpSliderMenu-Info.plist"; sourceTree = "<group>"; };
		3E73CFB919643D6800A8F93C /* en */ = {isa = PBXFileReference; lastKnownFileType = text.plist.strings; name = en; path = en.lproj/InfoPlist.strings; sourceTree = "<group>"; };
		3E73CFBB19643D6800A8F93C /* main.m */ = {isa = PBXFileReference; lastKnownFileType = sourcecode.c.objc; path = main.m; sourceTree = "<group>"; };
		3E73CFBD19643D6800A8F93C /* UpSliderMenu-Prefix.pch */ = {isa = PBXFileReference; lastKnownFileType = sourcecode.c.h; path = "UpSliderMenu-Prefix.pch"; sourceTree = "<group>"; };
		3E73CFC219643D6800A8F93C /* Base */ = {isa = PBXFileReference; lastKnownFileType = file.storyboard; name = Base; path = Base.lproj/Main.storyboard; sourceTree = "<group>"; };
		3E73CFC719643D6800A8F93C /* Images.xcassets */ = {isa = PBXFileReference; lastKnownFileType = folder.assetcatalog; name = Images.xcassets; path = UpSliderMenu/Images.xcassets; sourceTree = "<group>"; };
		3E73CFCE19643D6800A8F93C /* XCTest.framework */ = {isa = PBXFileReference; lastKnownFileType = wrapper.framework; name = XCTest.framework; path = Library/Frameworks/XCTest.framework; sourceTree = DEVELOPER_DIR; };
		3E73CFD619643D6800A8F93C /* UpSliderMenuTests-Info.plist */ = {isa = PBXFileReference; lastKnownFileType = text.plist.xml; path = "UpSliderMenuTests-Info.plist"; sourceTree = "<group>"; };
		3E73CFD819643D6800A8F93C /* en */ = {isa = PBXFileReference; lastKnownFileType = text.plist.strings; name = en; path = en.lproj/InfoPlist.strings; sourceTree = "<group>"; };
		3E73CFDA19643D6800A8F93C /* UpSliderMenuTests.m */ = {isa = PBXFileReference; lastKnownFileType = sourcecode.c.objc; path = UpSliderMenuTests.m; sourceTree = "<group>"; };
		3EA5775D196443CC007B967C /* RITAppDelegate.h */ = {isa = PBXFileReference; fileEncoding = 4; lastKnownFileType = sourcecode.c.h; name = RITAppDelegate.h; path = UpSliderMenu/Classes/RITAppDelegate.h; sourceTree = "<group>"; };
		3EA5775E196443CC007B967C /* RITAppDelegate.m */ = {isa = PBXFileReference; fileEncoding = 4; lastKnownFileType = sourcecode.c.objc; name = RITAppDelegate.m; path = UpSliderMenu/Classes/RITAppDelegate.m; sourceTree = "<group>"; };
		3EA5776119644410007B967C /* RITViewController.h */ = {isa = PBXFileReference; fileEncoding = 4; lastKnownFileType = sourcecode.c.h; name = RITViewController.h; path = UpSliderMenu/Classes/Controllers/RITViewController.h; sourceTree = "<group>"; };
		3EA5776219644410007B967C /* RITViewController.m */ = {isa = PBXFileReference; fileEncoding = 4; lastKnownFileType = sourcecode.c.objc; name = RITViewController.m; path = UpSliderMenu/Classes/Controllers/RITViewController.m; sourceTree = "<group>"; };
		3EA577661964446E007B967C /* photo1.png */ = {isa = PBXFileReference; lastKnownFileType = image.png; path = photo1.png; sourceTree = "<group>"; };
		3EA577671964446E007B967C /* photo2.png */ = {isa = PBXFileReference; lastKnownFileType = image.png; path = photo2.png; sourceTree = "<group>"; };
		3EA577681964446E007B967C /* photo3.png */ = {isa = PBXFileReference; lastKnownFileType = image.png; path = photo3.png; sourceTree = "<group>"; };
		3EA577691964446E007B967C /* photo4.png */ = {isa = PBXFileReference; lastKnownFileType = image.png; path = photo4.png; sourceTree = "<group>"; };
		3EA5776A1964446E007B967C /* photo5.png */ = {isa = PBXFileReference; lastKnownFileType = image.png; path = photo5.png; sourceTree = "<group>"; };
		3EA5776B1964446E007B967C /* slow.png */ = {isa = PBXFileReference; lastKnownFileType = image.png; path = slow.png; sourceTree = "<group>"; };
		3EF0AB631966A6E9002E39DE /* RITPeekPagedScrollViewController.h */ = {isa = PBXFileReference; fileEncoding = 4; lastKnownFileType = sourcecode.c.h; name = RITPeekPagedScrollViewController.h; path = UpSliderMenu/Classes/Controllers/RITPeekPagedScrollViewController.h; sourceTree = "<group>"; };
		3EF0AB641966A6E9002E39DE /* RITPeekPagedScrollViewController.m */ = {isa = PBXFileReference; fileEncoding = 4; lastKnownFileType = sourcecode.c.objc; name = RITPeekPagedScrollViewController.m; path = UpSliderMenu/Classes/Controllers/RITPeekPagedScrollViewController.m; sourceTree = "<group>"; };
		A2A173E91965CCF000DFD3E9 /* RITPagedScrollViewController.h */ = {isa = PBXFileReference; fileEncoding = 4; lastKnownFileType = sourcecode.c.h; name = RITPagedScrollViewController.h; path = UpSliderMenu/Classes/Controllers/RITPagedScrollViewController.h; sourceTree = "<group>"; };
		A2A173EA1965CCF000DFD3E9 /* RITPagedScrollViewController.m */ = {isa = PBXFileReference; fileEncoding = 4; lastKnownFileType = sourcecode.c.objc; name = RITPagedScrollViewController.m; path = UpSliderMenu/Classes/Controllers/RITPagedScrollViewController.m; sourceTree = "<group>"; };
/* End PBXFileReference section */

/* Begin PBXFrameworksBuildPhase section */
		3E73CFA919643D6800A8F93C /* Frameworks */ = {
			isa = PBXFrameworksBuildPhase;
			buildActionMask = 2147483647;
			files = (
				3E73CFB219643D6800A8F93C /* CoreGraphics.framework in Frameworks */,
				3E73CFB419643D6800A8F93C /* UIKit.framework in Frameworks */,
				3E73CFB019643D6800A8F93C /* Foundation.framework in Frameworks */,
			);
			runOnlyForDeploymentPostprocessing = 0;
		};
/* End PBXFrameworksBuildPhase section */

/* Begin PBXGroup section */
		3E73CFA319643D6800A8F93C = {
			isa = PBXGroup;
			children = (
				3EA5775C196443B4007B967C /* Classes */,
				3EA577641964441C007B967C /* Resources */,
				3E73CFB619643D6800A8F93C /* Supporting Files */,
				3E73CFD419643D6800A8F93C /* UpSliderMenuTests */,
				3E73CFAE19643D6800A8F93C /* Frameworks */,
				3E73CFAD19643D6800A8F93C /* Products */,
			);
			sourceTree = "<group>";
		};
		3E73CFAD19643D6800A8F93C /* Products */ = {
			isa = PBXGroup;
			children = (
				3E73CFAC19643D6800A8F93C /* UpSliderMenu.app */,
			);
			name = Products;
			sourceTree = "<group>";
		};
		3E73CFAE19643D6800A8F93C /* Frameworks */ = {
			isa = PBXGroup;
			children = (
				3E73CFAF19643D6800A8F93C /* Foundation.framework */,
				3E73CFB119643D6800A8F93C /* CoreGraphics.framework */,
				3E73CFB319643D6800A8F93C /* UIKit.framework */,
				3E73CFCE19643D6800A8F93C /* XCTest.framework */,
			);
			name = Frameworks;
			sourceTree = "<group>";
		};
		3E73CFB619643D6800A8F93C /* Supporting Files */ = {
			isa = PBXGroup;
			children = (
				3E73CFB719643D6800A8F93C /* UpSliderMenu-Info.plist */,
				3E73CFB819643D6800A8F93C /* InfoPlist.strings */,
				3E73CFBB19643D6800A8F93C /* main.m */,
				3E73CFBD19643D6800A8F93C /* UpSliderMenu-Prefix.pch */,
			);
			name = "Supporting Files";
			path = UpSliderMenu;
			sourceTree = "<group>";
		};
		3E73CFD419643D6800A8F93C /* UpSliderMenuTests */ = {
			isa = PBXGroup;
			children = (
				3E73CFDA19643D6800A8F93C /* UpSliderMenuTests.m */,
				3E73CFD519643D6800A8F93C /* Supporting Files */,
			);
			path = UpSliderMenuTests;
			sourceTree = "<group>";
		};
		3E73CFD519643D6800A8F93C /* Supporting Files */ = {
			isa = PBXGroup;
			children = (
				3E73CFD619643D6800A8F93C /* UpSliderMenuTests-Info.plist */,
				3E73CFD719643D6800A8F93C /* InfoPlist.strings */,
			);
			name = "Supporting Files";
			sourceTree = "<group>";
		};
		3EA5775C196443B4007B967C /* Classes */ = {
			isa = PBXGroup;
			children = (
				3EA5775D196443CC007B967C /* RITAppDelegate.h */,
				3EA5775E196443CC007B967C /* RITAppDelegate.m */,
				3EA57760196443E1007B967C /* Controllers */,
			);
			name = Classes;
			sourceTree = "<group>";
		};
		3EA57760196443E1007B967C /* Controllers */ = {
			isa = PBXGroup;
			children = (
				3E37972C1965964400D0A198 /* RITCustomScrollViewController.h */,
				3E37972D1965964400D0A198 /* RITCustomScrollViewController.m */,
				3EA5776119644410007B967C /* RITViewController.h */,
				3EA5776219644410007B967C /* RITViewController.m */,
				A2A173E91965CCF000DFD3E9 /* RITPagedScrollViewController.h */,
				A2A173EA1965CCF000DFD3E9 /* RITPagedScrollViewController.m */,
				3EF0AB631966A6E9002E39DE /* RITPeekPagedScrollViewController.h */,
				3EF0AB641966A6E9002E39DE /* RITPeekPagedScrollViewController.m */,
			);
			name = Controllers;
			sourceTree = "<group>";
		};
		3EA577641964441C007B967C /* Resources */ = {
			isa = PBXGroup;
			children = (
				3EA577651964446E007B967C /* Images */,
				3E73CFC119643D6800A8F93C /* Main.storyboard */,
				3E73CFC719643D6800A8F93C /* Images.xcassets */,
			);
			name = Resources;
			sourceTree = "<group>";
		};
		3EA577651964446E007B967C /* Images */ = {
			isa = PBXGroup;
			children = (
				3EA577661964446E007B967C /* photo1.png */,
				3EA577671964446E007B967C /* photo2.png */,
				3EA577681964446E007B967C /* photo3.png */,
				3EA577691964446E007B967C /* photo4.png */,
				3EA5776A1964446E007B967C /* photo5.png */,
				3EA5776B1964446E007B967C /* slow.png */,
			);
			name = Images;
			path = UpSliderMenu/Resources/Images;
			sourceTree = "<group>";
		};
/* End PBXGroup section */

/* Begin PBXNativeTarget section */
		3E73CFAB19643D6800A8F93C /* UpSliderMenu */ = {
			isa = PBXNativeTarget;
			buildConfigurationList = 3E73CFDE19643D6800A8F93C /* Build configuration list for PBXNativeTarget "UpSliderMenu" */;
			buildPhases = (
				3E73CFA819643D6800A8F93C /* Sources */,
				3E73CFA919643D6800A8F93C /* Frameworks */,
				3E73CFAA19643D6800A8F93C /* Resources */,
			);
			buildRules = (
			);
			dependencies = (
			);
			name = UpSliderMenu;
			productName = UpSliderMenu;
			productReference = 3E73CFAC19643D6800A8F93C /* UpSliderMenu.app */;
			productType = "com.apple.product-type.application";
		};
/* End PBXNativeTarget section */

/* Begin PBXProject section */
		3E73CFA419643D6800A8F93C /* Project object */ = {
			isa = PBXProject;
			attributes = {
				CLASSPREFIX = RIT;
				LastUpgradeCheck = 0510;
				ORGANIZATIONNAME = "Aleksandr Pronin";
			};
			buildConfigurationList = 3E73CFA719643D6800A8F93C /* Build configuration list for PBXProject "UpSliderMenu" */;
			compatibilityVersion = "Xcode 3.2";
			developmentRegion = English;
			hasScannedForEncodings = 0;
			knownRegions = (
				en,
				Base,
			);
			mainGroup = 3E73CFA319643D6800A8F93C;
			productRefGroup = 3E73CFAD19643D6800A8F93C /* Products */;
			projectDirPath = "";
			projectRoot = "";
			targets = (
				3E73CFAB19643D6800A8F93C /* UpSliderMenu */,
			);
		};
/* End PBXProject section */

/* Begin PBXResourcesBuildPhase section */
		3E73CFAA19643D6800A8F93C /* Resources */ = {
			isa = PBXResourcesBuildPhase;
			buildActionMask = 2147483647;
			files = (
				3EA5776F1964446E007B967C /* photo4.png in Resources */,
				3EA5776D1964446E007B967C /* photo2.png in Resources */,
				3EA577711964446E007B967C /* slow.png in Resources */,
				3EA5776C1964446E007B967C /* photo1.png in Resources */,
				3E73CFC819643D6800A8F93C /* Images.xcassets in Resources */,
				3EA577701964446E007B967C /* photo5.png in Resources */,
				3E73CFBA19643D6800A8F93C /* InfoPlist.strings in Resources */,
				3EA5776E1964446E007B967C /* photo3.png in Resources */,
				3E73CFC319643D6800A8F93C /* Main.storyboard in Resources */,
			);
			runOnlyForDeploymentPostprocessing = 0;
		};
/* End PBXResourcesBuildPhase section */

/* Begin PBXSourcesBuildPhase section */
		3E73CFA819643D6800A8F93C /* Sources */ = {
			isa = PBXSourcesBuildPhase;
			buildActionMask = 2147483647;
			files = (
				3EA5776319644410007B967C /* RITViewController.m in Sources */,
				3E73CFBC19643D6800A8F93C /* main.m in Sources */,
				3EF0AB651966A6E9002E39DE /* RITPeekPagedScrollViewController.m in Sources */,
				A2A173EB1965CCF000DFD3E9 /* RITPagedScrollViewController.m in Sources */,
				3E3797641965ACE900D0A198 /* RITCustomScrollViewController.m in Sources */,
				3EA5775F196443CC007B967C /* RITAppDelegate.m in Sources */,
			);
			runOnlyForDeploymentPostprocessing = 0;
		};
/* End PBXSourcesBuildPhase section */

/* Begin PBXVariantGroup section */
		3E73CFB819643D6800A8F93C /* InfoPlist.strings */ = {
			isa = PBXVariantGroup;
			children = (
				3E73CFB919643D6800A8F93C /* en */,
			);
			name = InfoPlist.strings;
			sourceTree = "<group>";
		};
		3E73CFC119643D6800A8F93C /* Main.storyboard */ = {
			isa = PBXVariantGroup;
			children = (
				3E73CFC219643D6800A8F93C /* Base */,
			);
			name = Main.storyboard;
			path = UpSliderMenu;
			sourceTree = "<group>";
		};
		3E73CFD719643D6800A8F93C /* InfoPlist.strings */ = {
			isa = PBXVariantGroup;
			children = (
				3E73CFD819643D6800A8F93C /* en */,
			);
			name = InfoPlist.strings;
			sourceTree = "<group>";
		};
/* End PBXVariantGroup section */

/* Begin XCBuildConfiguration section */
		3E73CFDC19643D6800A8F93C /* Debug */ = {
			isa = XCBuildConfiguration;
			buildSettings = {
				ALWAYS_SEARCH_USER_PATHS = NO;
				CLANG_CXX_LANGUAGE_STANDARD = "gnu++0x";
				CLANG_CXX_LIBRARY = "libc++";
				CLANG_ENABLE_MODULES = YES;
				CLANG_ENABLE_OBJC_ARC = YES;
				CLANG_WARN_BOOL_CONVERSION = YES;
				CLANG_WARN_CONSTANT_CONVERSION = YES;
				CLANG_WARN_DIRECT_OBJC_ISA_USAGE = YES_ERROR;
				CLANG_WARN_EMPTY_BODY = YES;
				CLANG_WARN_ENUM_CONVERSION = YES;
				CLANG_WARN_INT_CONVERSION = YES;
				CLANG_WARN_OBJC_ROOT_CLASS = YES_ERROR;
				CLANG_WARN__DUPLICATE_METHOD_MATCH = YES;
				"CODE_SIGN_IDENTITY[sdk=iphoneos*]" = "iPhone Developer";
				COPY_PHASE_STRIP = NO;
				GCC_C_LANGUAGE_STANDARD = gnu99;
				GCC_DYNAMIC_NO_PIC = NO;
				GCC_OPTIMIZATION_LEVEL = 0;
				GCC_PREPROCESSOR_DEFINITIONS = (
					"DEBUG=1",
					"$(inherited)",
				);
				GCC_SYMBOLS_PRIVATE_EXTERN = NO;
				GCC_WARN_64_TO_32_BIT_CONVERSION = YES;
				GCC_WARN_ABOUT_RETURN_TYPE = YES_ERROR;
				GCC_WARN_UNDECLARED_SELECTOR = YES;
				GCC_WARN_UNINITIALIZED_AUTOS = YES_AGGRESSIVE;
				GCC_WARN_UNUSED_FUNCTION = YES;
				GCC_WARN_UNUSED_VARIABLE = YES;
				IPHONEOS_DEPLOYMENT_TARGET = 7.1;
				ONLY_ACTIVE_ARCH = YES;
				SDKROOT = iphoneos;
			};
			name = Debug;
		};
		3E73CFDD19643D6800A8F93C /* Release */ = {
			isa = XCBuildConfiguration;
			buildSettings = {
				ALWAYS_SEARCH_USER_PATHS = NO;
				CLANG_CXX_LANGUAGE_STANDARD = "gnu++0x";
				CLANG_CXX_LIBRARY = "libc++";
				CLANG_ENABLE_MODULES = YES;
				CLANG_ENABLE_OBJC_ARC = YES;
				CLANG_WARN_BOOL_CONVERSION = YES;
				CLANG_WARN_CONSTANT_CONVERSION = YES;
				CLANG_WARN_DIRECT_OBJC_ISA_USAGE = YES_ERROR;
				CLANG_WARN_EMPTY_BODY = YES;
				CLANG_WARN_ENUM_CONVERSION = YES;
				CLANG_WARN_INT_CONVERSION = YES;
				CLANG_WARN_OBJC_ROOT_CLASS = YES_ERROR;
				CLANG_WARN__DUPLICATE_METHOD_MATCH = YES;
				"CODE_SIGN_IDENTITY[sdk=iphoneos*]" = "iPhone Developer";
				COPY_PHASE_STRIP = YES;
				ENABLE_NS_ASSERTIONS = NO;
				GCC_C_LANGUAGE_STANDARD = gnu99;
				GCC_WARN_64_TO_32_BIT_CONVERSION = YES;
				GCC_WARN_ABOUT_RETURN_TYPE = YES_ERROR;
				GCC_WARN_UNDECLARED_SELECTOR = YES;
				GCC_WARN_UNINITIALIZED_AUTOS = YES_AGGRESSIVE;
				GCC_WARN_UNUSED_FUNCTION = YES;
				GCC_WARN_UNUSED_VARIABLE = YES;
				IPHONEOS_DEPLOYMENT_TARGET = 7.1;
				SDKROOT = iphoneos;
				VALIDATE_PRODUCT = YES;
			};
			name = Release;
		};
		3E73CFDF19643D6800A8F93C /* Debug */ = {
			isa = XCBuildConfiguration;
			buildSettings = {
				ASSETCATALOG_COMPILER_APPICON_NAME = AppIcon;
				ASSETCATALOG_COMPILER_LAUNCHIMAGE_NAME = LaunchImage;
				GCC_PRECOMPILE_PREFIX_HEADER = YES;
				GCC_PREFIX_HEADER = "UpSliderMenu/UpSliderMenu-Prefix.pch";
				INFOPLIST_FILE = "UpSliderMenu/UpSliderMenu-Info.plist";
				PRODUCT_NAME = "$(TARGET_NAME)";
				WRAPPER_EXTENSION = app;
			};
			name = Debug;
		};
		3E73CFE019643D6800A8F93C /* Release */ = {
			isa = XCBuildConfiguration;
			buildSettings = {
				ASSETCATALOG_COMPILER_APPICON_NAME = AppIcon;
				ASSETCATALOG_COMPILER_LAUNCHIMAGE_NAME = LaunchImage;
				GCC_PRECOMPILE_PREFIX_HEADER = YES;
				GCC_PREFIX_HEADER = "UpSliderMenu/UpSliderMenu-Prefix.pch";
				INFOPLIST_FILE = "UpSliderMenu/UpSliderMenu-Info.plist";
				PRODUCT_NAME = "$(TARGET_NAME)";
				WRAPPER_EXTENSION = app;
			};
			name = Release;
		};
/* End XCBuildConfiguration section */

/* Begin XCConfigurationList section */
		3E73CFA719643D6800A8F93C /* Build configuration list for PBXProject "UpSliderMenu" */ = {
			isa = XCConfigurationList;
			buildConfigurations = (
				3E73CFDC19643D6800A8F93C /* Debug */,
				3E73CFDD19643D6800A8F93C /* Release */,
			);
			defaultConfigurationIsVisible = 0;
			defaultConfigurationName = Release;
		};
		3E73CFDE19643D6800A8F93C /* Build configuration list for PBXNativeTarget "UpSliderMenu" */ = {
			isa = XCConfigurationList;
			buildConfigurations = (
				3E73CFDF19643D6800A8F93C /* Debug */,
				3E73CFE019643D6800A8F93C /* Release */,
			);
			defaultConfigurationIsVisible = 0;
			defaultConfigurationName = Release;
		};
/* End XCConfigurationList section */
	};
	rootObject = 3E73CFA419643D6800A8F93C /* Project object */;
}
